
Microsoft Visual Studio Solution File, Format Version 12.00
# Visual Studio Version 16
VisualStudioVersion = 16.0.29709.97
MinimumVisualStudioVersion = 10.0.40219.1
Project("{FAE04EC0-301F-11D3-BF4B-00C04F79EFBC}") = "MiDemo", "MiDemo\MiDemo.csproj", "{A405D769-C0C6-4902-8031-9D95E0FEE9FF}"
EndProject
Global
	GlobalSection(SolutionConfigurationPlatforms) = preSolution
		Debug|Any CPU = Debug|Any CPU
		Release|Any CPU = Release|Any CPU
	EndGlobalSection
	GlobalSection(ProjectConfigurationPlatforms) = postSolution
		{A405D769-C0C6-4902-8031-9D95E0FEE9FF}.Debug|Any CPU.ActiveCfg = Debug|Any CPU
		{A405D769-C0C6-4902-8031-9D95E0FEE9FF}.Debug|Any CPU.Build.0 = Debug|Any CPU
		{A405D769-C0C6-4902-8031-9D95E0FEE9FF}.Release|Any CPU.ActiveCfg = Release|Any CPU
		{A405D769-C0C6-4902-8031-9D95E0FEE9FF}.Release|Any CPU.Build.0 = Release|Any CPU
	EndGlobalSection
	GlobalSection(SolutionProperties) = preSolution
		HideSolutionNode = FALSE
	EndGlobalSection
	GlobalSection(ExtensibilityGlobals) = postSolution
		SolutionGuid = {9DC0D2E1-3F5E-47E5-A983-8F5D06DA7601}
	EndGlobalSection
EndGlobal
